{
  "name": "petroecol",
  "lockfileVersion": 2,
  "requires": true,
  "packages": {
    "": {
      "dependencies": {
        "jquery": "^3.7.1",
        "jquery-mask-plugin": "^1.14.16",
        "jquery.emojiarea.js": "^0.1.8-beta",
        "sweetalert2": "^11.7.27"
      }
    },
    "node_modules/jquery": {
      "version": "3.7.1",
      "resolved": "https://registry.npmjs.org/jquery/-/jquery-3.7.1.tgz",
      "integrity": "sha512-m4avr8yL8kmFN8psrbFFFmB/If14iN5o9nw/NgnnM+kybDJpRsAynV2BsfpTYrTRysYUdADVD7CkUUizgkpLfg=="
    },
    "node_modules/jquery-mask-plugin": {
      "version": "1.14.16",
      "resolved": "https://registry.npmjs.org/jquery-mask-plugin/-/jquery-mask-plugin-1.14.16.tgz",
      "integrity": "sha512-reywdHlYEkPbzWjTpcc1fk9XQ3PLvO5dzEAVqy8zI7NTF22tB1HbeU3iboZTLdkBEPaWAqeI2HtEjsGQ4roZKw=="
    },
    "node_modules/jquery.emojiarea.js": {
      "version": "0.1.8-beta",
      "resolved": "https://registry.npmjs.org/jquery.emojiarea.js/-/jquery.emojiarea.js-0.1.8-beta.tgz",
      "integrity": "sha512-jB6d3MrBD1dJeChoy9N6RjWh10gsBWNfpOhDj2g0431iz8FmnUl0SW/xlLXQojRzJ3xUrR0lkPNEACYqBDs0Xg==",
      "dependencies": {
        "jquery": ">=1.7"
      }
    },
    "node_modules/sweetalert2": {
      "version": "11.14.2",
      "resolved": "https://registry.npmjs.org/sweetalert2/-/sweetalert2-11.14.2.tgz",
      "integrity": "sha512-ZJcnp+akKLFDdwTJkayZCMWfdEOxxchInuJ8gz/Xlx/nrdTfAM3Sb+NBbBNdqcfXn0h1CamN+VKDxjP8xbWqrg==",
      "funding": {
        "type": "individual",
        "url": "https://github.com/sponsors/limonte"
      }
    }
  },
  "dependencies": {
    "jquery": {
      "version": "3.7.1",
      "resolved": "https://registry.npmjs.org/jquery/-/jquery-3.7.1.tgz",
      "integrity": "sha512-m4avr8yL8kmFN8psrbFFFmB/If14iN5o9nw/NgnnM+kybDJpRsAynV2BsfpTYrTRysYUdADVD7CkUUizgkpLfg=="
    },
    "jquery-mask-plugin": {
      "version": "1.14.16",
      "resolved": "https://registry.npmjs.org/jquery-mask-plugin/-/jquery-mask-plugin-1.14.16.tgz",
      "integrity": "sha512-reywdHlYEkPbzWjTpcc1fk9XQ3PLvO5dzEAVqy8zI7NTF22tB1HbeU3iboZTLdkBEPaWAqeI2HtEjsGQ4roZKw=="
    },
    "jquery.emojiarea.js": {
      "version": "0.1.8-beta",
      "resolved": "https://registry.npmjs.org/jquery.emojiarea.js/-/jquery.emojiarea.js-0.1.8-beta.tgz",
      "integrity": "sha512-jB6d3MrBD1dJeChoy9N6RjWh10gsBWNfpOhDj2g0431iz8FmnUl0SW/xlLXQojRzJ3xUrR0lkPNEACYqBDs0Xg==",
      "requires": {
        "jquery": ">=1.7"
      }
    },
    "sweetalert2": {
      "version": "11.14.2",
      "resolved": "https://registry.npmjs.org/sweetalert2/-/sweetalert2-11.14.2.tgz",
      "integrity": "sha512-ZJcnp+akKLFDdwTJkayZCMWfdEOxxchInuJ8gz/Xlx/nrdTfAM3Sb+NBbBNdqcfXn0h1CamN+VKDxjP8xbWqrg=="
    }
  }
}
