{
  "requires": true,
  "lockfileVersion": 1,
  "dependencies": {
    "jquery": {
      "version": "3.7.1",
      "resolved": "https://registry.npmjs.org/jquery/-/jquery-3.7.1.tgz",
      "integrity": "sha512-m4avr8yL8kmFN8psrbFFFmB/If14iN5o9nw/NgnnM+kybDJpRsAynV2BsfpTYrTRysYUdADVD7CkUUizgkpLfg=="
    },
    "jquery-mask-plugin": {
      "version": "1.14.16",
      "resolved": "https://registry.npmjs.org/jquery-mask-plugin/-/jquery-mask-plugin-1.14.16.tgz",
      "integrity": "sha512-reywdHlYEkPbzWjTpcc1fk9XQ3PLvO5dzEAVqy8zI7NTF22tB1HbeU3iboZTLdkBEPaWAqeI2HtEjsGQ4roZKw=="
    },
    "sweetalert2": {
      "version": "11.7.31",
      "resolved": "https://registry.npmjs.org/sweetalert2/-/sweetalert2-11.7.31.tgz",
      "integrity": "sha512-AVNODg41LqhC241UHTanW2ZQdh0ziiw+Gc3Dmy1EuCFP+g09P3mBEhvauU88J3JLEX6UpTfhp7iok9t8uhEdQQ=="
    }
  }
}
